
Microsoft Visual Studio Solution File, Format Version 12.00
# Visual Studio Version 17
VisualStudioVersion = 17.14.36429.23 d17.14
MinimumVisualStudioVersion = 10.0.40219.1
Project("{FAE04EC0-301F-11D3-BF4B-00C04F79EFBC}") = "Assignment-2", "Assignment-2.csproj", "{2CA180BD-1045-42CF-9E32-808A056AF07D}"
EndProject
Global
	GlobalSection(SolutionConfigurationPlatforms) = preSolution
		Debug|Any CPU = Debug|Any CPU
		Release|Any CPU = Release|Any CPU
	EndGlobalSection
	GlobalSection(ProjectConfigurationPlatforms) = postSolution
		{2CA180BD-1045-42CF-9E32-808A056AF07D}.Debug|Any CPU.ActiveCfg = Debug|Any CPU
		{2CA180BD-1045-42CF-9E32-808A056AF07D}.Debug|Any CPU.Build.0 = Debug|Any CPU
		{2CA180BD-1045-42CF-9E32-808A056AF07D}.Release|Any CPU.ActiveCfg = Release|Any CPU
		{2CA180BD-1045-42CF-9E32-808A056AF07D}.Release|Any CPU.Build.0 = Release|Any CPU
	EndGlobalSection
	GlobalSection(SolutionProperties) = preSolution
		HideSolutionNode = FALSE
	EndGlobalSection
	GlobalSection(ExtensibilityGlobals) = postSolution
		SolutionGuid = {8B3B514B-CC7F-46D6-9EF7-A852BCBB8232}
	EndGlobalSection
EndGlobal
