
Microsoft Visual Studio Solution File, Format Version 12.00
# Visual Studio Version 17
VisualStudioVersion = 17.14.36429.23 d17.14
MinimumVisualStudioVersion = 10.0.40219.1
Project("{FAE04EC0-301F-11D3-BF4B-00C04F79EFBC}") = "ConsoleApp2", "ConsoleApp2.csproj", "{EAAC3016-B669-4B02-8BE7-1CE8F3289EAC}"
EndProject
Global
	GlobalSection(SolutionConfigurationPlatforms) = preSolution
		Debug|Any CPU = Debug|Any CPU
		Release|Any CPU = Release|Any CPU
	EndGlobalSection
	GlobalSection(ProjectConfigurationPlatforms) = postSolution
		{EAAC3016-B669-4B02-8BE7-1CE8F3289EAC}.Debug|Any CPU.ActiveCfg = Debug|Any CPU
		{EAAC3016-B669-4B02-8BE7-1CE8F3289EAC}.Debug|Any CPU.Build.0 = Debug|Any CPU
		{EAAC3016-B669-4B02-8BE7-1CE8F3289EAC}.Release|Any CPU.ActiveCfg = Release|Any CPU
		{EAAC3016-B669-4B02-8BE7-1CE8F3289EAC}.Release|Any CPU.Build.0 = Release|Any CPU
	EndGlobalSection
	GlobalSection(SolutionProperties) = preSolution
		HideSolutionNode = FALSE
	EndGlobalSection
	GlobalSection(ExtensibilityGlobals) = postSolution
		SolutionGuid = {F407DBC9-A2D4-4319-9662-9C81EE3FD442}
	EndGlobalSection
EndGlobal
